// !$*UTF8*$!
{
	archiveVersion = 1;
	classes = {
	};
	objectVersion = 55;
	objects = {

/* Begin PBXBuildFile section */
		ED3482F32865224B00C64B00 /* AppDelegate.swift in Sources */ = {isa = PBXBuildFile; fileRef = ED3482F22865224B00C64B00 /* AppDelegate.swift */; };
		ED3482F52865224B00C64B00 /* SceneDelegate.swift in Sources */ = {isa = PBXBuildFile; fileRef = ED3482F42865224B00C64B00 /* SceneDelegate.swift */; };
		ED3482F72865224B00C64B00 /* MainViewController.swift in Sources */ = {isa = PBXBuildFile; fileRef = ED3482F62865224B00C64B00 /* MainViewController.swift */; };
		ED3482FA2865224B00C64B00 /* Main.storyboard in Resources */ = {isa = PBXBuildFile; fileRef = ED3482F82865224B00C64B00 /* Main.storyboard */; };
		ED3482FC2865224F00C64B00 /* Assets.xcassets in Resources */ = {isa = PBXBuildFile; fileRef = ED3482FB2865224F00C64B00 /* Assets.xcassets */; };
		ED3482FF2865224F00C64B00 /* LaunchScreen.storyboard in Resources */ = {isa = PBXBuildFile; fileRef = ED3482FD2865224F00C64B00 /* LaunchScreen.storyboard */; };
		ED34830A2865346E00C64B00 /* DataModel.swift in Sources */ = {isa = PBXBuildFile; fileRef = ED3483092865346E00C64B00 /* DataModel.swift */; };
		ED3483102865364F00C64B00 /* APIRequest.swift in Sources */ = {isa = PBXBuildFile; fileRef = ED34830F2865364F00C64B00 /* APIRequest.swift */; };
		ED348312286546DB00C64B00 /* UserDetailModel.swift in Sources */ = {isa = PBXBuildFile; fileRef = ED348311286546DB00C64B00 /* UserDetailModel.swift */; };
		ED49C06C287C9B2D005152E3 /* UserDetailViewController.swift in Sources */ = {isa = PBXBuildFile; fileRef = ED49C06B287C9B2D005152E3 /* UserDetailViewController.swift */; };
		ED49C06E287C9B56005152E3 /* UserCell.swift in Sources */ = {isa = PBXBuildFile; fileRef = ED49C06D287C9B56005152E3 /* UserCell.swift */; };
/* End PBXBuildFile section */

/* Begin PBXFileReference section */
		ED1082622884F667000DDBCD /* MyPlayground.playground */ = {isa = PBXFileReference; lastKnownFileType = file.playground; path = MyPlayground.playground; sourceTree = "<group>"; xcLanguageSpecificationIdentifier = xcode.lang.swift; };
		ED3482EF2865224B00C64B00 /* FirstAppRX.app */ = {isa = PBXFileReference; explicitFileType = wrapper.application; includeInIndex = 0; path = FirstAppRX.app; sourceTree = BUILT_PRODUCTS_DIR; };
		ED3482F22865224B00C64B00 /* AppDelegate.swift */ = {isa = PBXFileReference; lastKnownFileType = sourcecode.swift; path = AppDelegate.swift; sourceTree = "<group>"; };
		ED3482F42865224B00C64B00 /* SceneDelegate.swift */ = {isa = PBXFileReference; lastKnownFileType = sourcecode.swift; path = SceneDelegate.swift; sourceTree = "<group>"; };
		ED3482F62865224B00C64B00 /* MainViewController.swift */ = {isa = PBXFileReference; lastKnownFileType = sourcecode.swift; path = MainViewController.swift; sourceTree = "<group>"; };
		ED3482F92865224B00C64B00 /* Base */ = {isa = PBXFileReference; lastKnownFileType = file.storyboard; name = Base; path = Base.lproj/Main.storyboard; sourceTree = "<group>"; };
		ED3482FB2865224F00C64B00 /* Assets.xcassets */ = {isa = PBXFileReference; lastKnownFileType = folder.assetcatalog; path = Assets.xcassets; sourceTree = "<group>"; };
		ED3482FE2865224F00C64B00 /* Base */ = {isa = PBXFileReference; lastKnownFileType = file.storyboard; name = Base; path = Base.lproj/LaunchScreen.storyboard; sourceTree = "<group>"; };
		ED3483002865224F00C64B00 /* Info.plist */ = {isa = PBXFileReference; lastKnownFileType = text.plist.xml; path = Info.plist; sourceTree = "<group>"; };
		ED3483092865346E00C64B00 /* DataModel.swift */ = {isa = PBXFileReference; lastKnownFileType = sourcecode.swift; path = DataModel.swift; sourceTree = "<group>"; };
		ED34830F2865364F00C64B00 /* APIRequest.swift */ = {isa = PBXFileReference; lastKnownFileType = sourcecode.swift; path = APIRequest.swift; sourceTree = "<group>"; };
		ED348311286546DB00C64B00 /* UserDetailModel.swift */ = {isa = PBXFileReference; lastKnownFileType = sourcecode.swift; path = UserDetailModel.swift; sourceTree = "<group>"; };
		ED49C06B287C9B2D005152E3 /* UserDetailViewController.swift */ = {isa = PBXFileReference; lastKnownFileType = sourcecode.swift; path = UserDetailViewController.swift; sourceTree = "<group>"; };
		ED49C06D287C9B56005152E3 /* UserCell.swift */ = {isa = PBXFileReference; lastKnownFileType = sourcecode.swift; path = UserCell.swift; sourceTree = "<group>"; };
/* End PBXFileReference section */

/* Begin PBXFrameworksBuildPhase section */
		ED3482EC2865224B00C64B00 /* Frameworks */ = {
			isa = PBXFrameworksBuildPhase;
			buildActionMask = 2147483647;
			files = (
			);
			runOnlyForDeploymentPostprocessing = 0;
		};
/* End PBXFrameworksBuildPhase section */

/* Begin PBXGroup section */
		740456461C950DDCCA9A12A0 /* Pods */ = {
			isa = PBXGroup;
			children = (
			);
			path = Pods;
			sourceTree = "<group>";
		};
		ED3482E62865224B00C64B00 = {
			isa = PBXGroup;
			children = (
				ED1082622884F667000DDBCD /* MyPlayground.playground */,
				ED3482F12865224B00C64B00 /* FirstAppRX */,
				ED3482F02865224B00C64B00 /* Products */,
				740456461C950DDCCA9A12A0 /* Pods */,
			);
			sourceTree = "<group>";
		};
		ED3482F02865224B00C64B00 /* Products */ = {
			isa = PBXGroup;
			children = (
				ED3482EF2865224B00C64B00 /* FirstAppRX.app */,
			);
			name = Products;
			sourceTree = "<group>";
		};
		ED3482F12865224B00C64B00 /* FirstAppRX */ = {
			isa = PBXGroup;
			children = (
				ED34830E2865363900C64B00 /* REST */,
				ED3483062865238C00C64B00 /* Model */,
				ED3483072865239100C64B00 /* View */,
				ED3483082865239800C64B00 /* ViewModel */,
				ED3482F22865224B00C64B00 /* AppDelegate.swift */,
				ED3482F42865224B00C64B00 /* SceneDelegate.swift */,
				ED3482F82865224B00C64B00 /* Main.storyboard */,
				ED3482FB2865224F00C64B00 /* Assets.xcassets */,
				ED3482FD2865224F00C64B00 /* LaunchScreen.storyboard */,
				ED3483002865224F00C64B00 /* Info.plist */,
			);
			path = FirstAppRX;
			sourceTree = "<group>";
		};
		ED3483062865238C00C64B00 /* Model */ = {
			isa = PBXGroup;
			children = (
				ED3483092865346E00C64B00 /* DataModel.swift */,
			);
			path = Model;
			sourceTree = "<group>";
		};
		ED3483072865239100C64B00 /* View */ = {
			isa = PBXGroup;
			children = (
				ED49C06D287C9B56005152E3 /* UserCell.swift */,
				ED49C06B287C9B2D005152E3 /* UserDetailViewController.swift */,
				ED3482F62865224B00C64B00 /* MainViewController.swift */,
			);
			path = View;
			sourceTree = "<group>";
		};
		ED3483082865239800C64B00 /* ViewModel */ = {
			isa = PBXGroup;
			children = (
				ED348311286546DB00C64B00 /* UserDetailModel.swift */,
			);
			path = ViewModel;
			sourceTree = "<group>";
		};
		ED34830E2865363900C64B00 /* REST */ = {
			isa = PBXGroup;
			children = (
				ED34830F2865364F00C64B00 /* APIRequest.swift */,
			);
			path = REST;
			sourceTree = "<group>";
		};
/* End PBXGroup section */

/* Begin PBXNativeTarget section */
		ED3482EE2865224B00C64B00 /* FirstAppRX */ = {
			isa = PBXNativeTarget;
			buildConfigurationList = ED3483032865224F00C64B00 /* Build configuration list for PBXNativeTarget "FirstAppRX" */;
			buildPhases = (
				ED3482EB2865224B00C64B00 /* Sources */,
				ED3482EC2865224B00C64B00 /* Frameworks */,
				ED3482ED2865224B00C64B00 /* Resources */,
			);
			buildRules = (
			);
			dependencies = (
			);
			name = FirstAppRX;
			productName = FirstAppRX;
			productReference = ED3482EF2865224B00C64B00 /* FirstAppRX.app */;
			productType = "com.apple.product-type.application";
		};
/* End PBXNativeTarget section */

/* Begin PBXProject section */
		ED3482E72865224B00C64B00 /* Project object */ = {
			isa = PBXProject;
			attributes = {
				BuildIndependentTargetsInParallel = 1;
				LastSwiftUpdateCheck = 1320;
				LastUpgradeCheck = 1320;
				TargetAttributes = {
					ED3482EE2865224B00C64B00 = {
						CreatedOnToolsVersion = 13.2.1;
					};
				};
			};
			buildConfigurationList = ED3482EA2865224B00C64B00 /* Build configuration list for PBXProject "FirstAppRX" */;
			compatibilityVersion = "Xcode 13.0";
			developmentRegion = en;
			hasScannedForEncodings = 0;
			knownRegions = (
				en,
				Base,
			);
			mainGroup = ED3482E62865224B00C64B00;
			productRefGroup = ED3482F02865224B00C64B00 /* Products */;
			projectDirPath = "";
			projectRoot = "";
			targets = (
				ED3482EE2865224B00C64B00 /* FirstAppRX */,
			);
		};
/* End PBXProject section */

/* Begin PBXResourcesBuildPhase section */
		ED3482ED2865224B00C64B00 /* Resources */ = {
			isa = PBXResourcesBuildPhase;
			buildActionMask = 2147483647;
			files = (
				ED3482FF2865224F00C64B00 /* LaunchScreen.storyboard in Resources */,
				ED3482FC2865224F00C64B00 /* Assets.xcassets in Resources */,
				ED3482FA2865224B00C64B00 /* Main.storyboard in Resources */,
			);
			runOnlyForDeploymentPostprocessing = 0;
		};
/* End PBXResourcesBuildPhase section */

/* Begin PBXSourcesBuildPhase section */
		ED3482EB2865224B00C64B00 /* Sources */ = {
			isa = PBXSourcesBuildPhase;
			buildActionMask = 2147483647;
			files = (
				ED49C06E287C9B56005152E3 /* UserCell.swift in Sources */,
				ED49C06C287C9B2D005152E3 /* UserDetailViewController.swift in Sources */,
				ED3482F72865224B00C64B00 /* MainViewController.swift in Sources */,
				ED348312286546DB00C64B00 /* UserDetailModel.swift in Sources */,
				ED34830A2865346E00C64B00 /* DataModel.swift in Sources */,
				ED3482F32865224B00C64B00 /* AppDelegate.swift in Sources */,
				ED3483102865364F00C64B00 /* APIRequest.swift in Sources */,
				ED3482F52865224B00C64B00 /* SceneDelegate.swift in Sources */,
			);
			runOnlyForDeploymentPostprocessing = 0;
		};
/* End PBXSourcesBuildPhase section */

/* Begin PBXVariantGroup section */
		ED3482F82865224B00C64B00 /* Main.storyboard */ = {
			isa = PBXVariantGroup;
			children = (
				ED3482F92865224B00C64B00 /* Base */,
			);
			name = Main.storyboard;
			sourceTree = "<group>";
		};
		ED3482FD2865224F00C64B00 /* LaunchScreen.storyboard */ = {
			isa = PBXVariantGroup;
			children = (
				ED3482FE2865224F00C64B00 /* Base */,
			);
			name = LaunchScreen.storyboard;
			sourceTree = "<group>";
		};
/* End PBXVariantGroup section */

/* Begin XCBuildConfiguration section */
		ED3483012865224F00C64B00 /* Debug */ = {
			isa = XCBuildConfiguration;
			buildSettings = {
				ALWAYS_SEARCH_USER_PATHS = NO;
				CLANG_ANALYZER_NONNULL = YES;
				CLANG_ANALYZER_NUMBER_OBJECT_CONVERSION = YES_AGGRESSIVE;
				CLANG_CXX_LANGUAGE_STANDARD = "gnu++17";
				CLANG_CXX_LIBRARY = "libc++";
				CLANG_ENABLE_MODULES = YES;
				CLANG_ENABLE_OBJC_ARC = YES;
				CLANG_ENABLE_OBJC_WEAK = YES;
				CLANG_WARN_BLOCK_CAPTURE_AUTORELEASING = YES;
				CLANG_WARN_BOOL_CONVERSION = YES;
				CLANG_WARN_COMMA = YES;
				CLANG_WARN_CONSTANT_CONVERSION = YES;
				CLANG_WARN_DEPRECATED_OBJC_IMPLEMENTATIONS = YES;
				CLANG_WARN_DIRECT_OBJC_ISA_USAGE = YES_ERROR;
				CLANG_WARN_DOCUMENTATION_COMMENTS = YES;
				CLANG_WARN_EMPTY_BODY = YES;
				CLANG_WARN_ENUM_CONVERSION = YES;
				CLANG_WARN_INFINITE_RECURSION = YES;
				CLANG_WARN_INT_CONVERSION = YES;
				CLANG_WARN_NON_LITERAL_NULL_CONVERSION = YES;
				CLANG_WARN_OBJC_IMPLICIT_RETAIN_SELF = YES;
				CLANG_WARN_OBJC_LITERAL_CONVERSION = YES;
				CLANG_WARN_OBJC_ROOT_CLASS = YES_ERROR;
				CLANG_WARN_QUOTED_INCLUDE_IN_FRAMEWORK_HEADER = YES;
				CLANG_WARN_RANGE_LOOP_ANALYSIS = YES;
				CLANG_WARN_STRICT_PROTOTYPES = YES;
				CLANG_WARN_SUSPICIOUS_MOVE = YES;
				CLANG_WARN_UNGUARDED_AVAILABILITY = YES_AGGRESSIVE;
				CLANG_WARN_UNREACHABLE_CODE = YES;
				CLANG_WARN__DUPLICATE_METHOD_MATCH = YES;
				COPY_PHASE_STRIP = NO;
				DEBUG_INFORMATION_FORMAT = dwarf;
				ENABLE_STRICT_OBJC_MSGSEND = YES;
				ENABLE_TESTABILITY = YES;
				GCC_C_LANGUAGE_STANDARD = gnu11;
				GCC_DYNAMIC_NO_PIC = NO;
				GCC_NO_COMMON_BLOCKS = YES;
				GCC_OPTIMIZATION_LEVEL = 0;
				GCC_PREPROCESSOR_DEFINITIONS = (
					"DEBUG=1",
					"$(inherited)",
				);
				GCC_WARN_64_TO_32_BIT_CONVERSION = YES;
				GCC_WARN_ABOUT_RETURN_TYPE = YES_ERROR;
				GCC_WARN_UNDECLARED_SELECTOR = YES;
				GCC_WARN_UNINITIALIZED_AUTOS = YES_AGGRESSIVE;
				GCC_WARN_UNUSED_FUNCTION = YES;
				GCC_WARN_UNUSED_VARIABLE = YES;
				IPHONEOS_DEPLOYMENT_TARGET = 15.2;
				MTL_ENABLE_DEBUG_INFO = INCLUDE_SOURCE;
				MTL_FAST_MATH = YES;
				ONLY_ACTIVE_ARCH = YES;
				SDKROOT = iphoneos;
				SWIFT_ACTIVE_COMPILATION_CONDITIONS = DEBUG;
				SWIFT_OPTIMIZATION_LEVEL = "-Onone";
			};
			name = Debug;
		};
		ED3483022865224F00C64B00 /* Release */ = {
			isa = XCBuildConfiguration;
			buildSettings = {
				ALWAYS_SEARCH_USER_PATHS = NO;
				CLANG_ANALYZER_NONNULL = YES;
				CLANG_ANALYZER_NUMBER_OBJECT_CONVERSION = YES_AGGRESSIVE;
				CLANG_CXX_LANGUAGE_STANDARD = "gnu++17";
				CLANG_CXX_LIBRARY = "libc++";
				CLANG_ENABLE_MODULES = YES;
				CLANG_ENABLE_OBJC_ARC = YES;
				CLANG_ENABLE_OBJC_WEAK = YES;
				CLANG_WARN_BLOCK_CAPTURE_AUTORELEASING = YES;
				CLANG_WARN_BOOL_CONVERSION = YES;
				CLANG_WARN_COMMA = YES;
				CLANG_WARN_CONSTANT_CONVERSION = YES;
				CLANG_WARN_DEPRECATED_OBJC_IMPLEMENTATIONS = YES;
				CLANG_WARN_DIRECT_OBJC_ISA_USAGE = YES_ERROR;
				CLANG_WARN_DOCUMENTATION_COMMENTS = YES;
				CLANG_WARN_EMPTY_BODY = YES;
				CLANG_WARN_ENUM_CONVERSION = YES;
				CLANG_WARN_INFINITE_RECURSION = YES;
				CLANG_WARN_INT_CONVERSION = YES;
				CLANG_WARN_NON_LITERAL_NULL_CONVERSION = YES;
				CLANG_WARN_OBJC_IMPLICIT_RETAIN_SELF = YES;
				CLANG_WARN_OBJC_LITERAL_CONVERSION = YES;
				CLANG_WARN_OBJC_ROOT_CLASS = YES_ERROR;
				CLANG_WARN_QUOTED_INCLUDE_IN_FRAMEWORK_HEADER = YES;
				CLANG_WARN_RANGE_LOOP_ANALYSIS = YES;
				CLANG_WARN_STRICT_PROTOTYPES = YES;
				CLANG_WARN_SUSPICIOUS_MOVE = YES;
				CLANG_WARN_UNGUARDED_AVAILABILITY = YES_AGGRESSIVE;
				CLANG_WARN_UNREACHABLE_CODE = YES;
				CLANG_WARN__DUPLICATE_METHOD_MATCH = YES;
				COPY_PHASE_STRIP = NO;
				DEBUG_INFORMATION_FORMAT = "dwarf-with-dsym";
				ENABLE_NS_ASSERTIONS = NO;
				ENABLE_STRICT_OBJC_MSGSEND = YES;
				GCC_C_LANGUAGE_STANDARD = gnu11;
				GCC_NO_COMMON_BLOCKS = YES;
				GCC_WARN_64_TO_32_BIT_CONVERSION = YES;
				GCC_WARN_ABOUT_RETURN_TYPE = YES_ERROR;
				GCC_WARN_UNDECLARED_SELECTOR = YES;
				GCC_WARN_UNINITIALIZED_AUTOS = YES_AGGRESSIVE;
				GCC_WARN_UNUSED_FUNCTION = YES;
				GCC_WARN_UNUSED_VARIABLE = YES;
				IPHONEOS_DEPLOYMENT_TARGET = 15.2;
				MTL_ENABLE_DEBUG_INFO = NO;
				MTL_FAST_MATH = YES;
				SDKROOT = iphoneos;
				SWIFT_COMPILATION_MODE = wholemodule;
				SWIFT_OPTIMIZATION_LEVEL = "-O";
				VALIDATE_PRODUCT = YES;
			};
			name = Release;
		};
		ED3483042865224F00C64B00 /* Debug */ = {
			isa = XCBuildConfiguration;
			buildSettings = {
				ASSETCATALOG_COMPILER_APPICON_NAME = AppIcon;
				ASSETCATALOG_COMPILER_GLOBAL_ACCENT_COLOR_NAME = AccentColor;
				CODE_SIGN_STYLE = Automatic;
				CURRENT_PROJECT_VERSION = 1;
				DEVELOPMENT_TEAM = G34P733PWC;
				GENERATE_INFOPLIST_FILE = YES;
				INFOPLIST_FILE = FirstAppRX/Info.plist;
				INFOPLIST_KEY_UIApplicationSupportsIndirectInputEvents = YES;
				INFOPLIST_KEY_UILaunchStoryboardName = LaunchScreen;
				INFOPLIST_KEY_UIMainStoryboardFile = Main;
				INFOPLIST_KEY_UISupportedInterfaceOrientations_iPad = "UIInterfaceOrientationPortrait UIInterfaceOrientationPortraitUpsideDown UIInterfaceOrientationLandscapeLeft UIInterfaceOrientationLandscapeRight";
				INFOPLIST_KEY_UISupportedInterfaceOrientations_iPhone = "UIInterfaceOrientationPortrait UIInterfaceOrientationLandscapeLeft UIInterfaceOrientationLandscapeRight";
				LD_RUNPATH_SEARCH_PATHS = (
					"$(inherited)",
					"@executable_path/Frameworks",
				);
				MARKETING_VERSION = 1.0;
				PRODUCT_BUNDLE_IDENTIFIER = com.projects.moraes.FirstAppRX;
				PRODUCT_NAME = "$(TARGET_NAME)";
				SWIFT_EMIT_LOC_STRINGS = YES;
				SWIFT_VERSION = 5.0;
				TARGETED_DEVICE_FAMILY = "1,2";
			};
			name = Debug;
		};
		ED3483052865224F00C64B00 /* Release */ = {
			isa = XCBuildConfiguration;
			buildSettings = {
				ASSETCATALOG_COMPILER_APPICON_NAME = AppIcon;
				ASSETCATALOG_COMPILER_GLOBAL_ACCENT_COLOR_NAME = AccentColor;
				CODE_SIGN_STYLE = Automatic;
				CURRENT_PROJECT_VERSION = 1;
				DEVELOPMENT_TEAM = G34P733PWC;
				GENERATE_INFOPLIST_FILE = YES;
				INFOPLIST_FILE = FirstAppRX/Info.plist;
				INFOPLIST_KEY_UIApplicationSupportsIndirectInputEvents = YES;
				INFOPLIST_KEY_UILaunchStoryboardName = LaunchScreen;
				INFOPLIST_KEY_UIMainStoryboardFile = Main;
				INFOPLIST_KEY_UISupportedInterfaceOrientations_iPad = "UIInterfaceOrientationPortrait UIInterfaceOrientationPortraitUpsideDown UIInterfaceOrientationLandscapeLeft UIInterfaceOrientationLandscapeRight";
				INFOPLIST_KEY_UISupportedInterfaceOrientations_iPhone = "UIInterfaceOrientationPortrait UIInterfaceOrientationLandscapeLeft UIInterfaceOrientationLandscapeRight";
				LD_RUNPATH_SEARCH_PATHS = (
					"$(inherited)",
					"@executable_path/Frameworks",
				);
				MARKETING_VERSION = 1.0;
				PRODUCT_BUNDLE_IDENTIFIER = com.projects.moraes.FirstAppRX;
				PRODUCT_NAME = "$(TARGET_NAME)";
				SWIFT_EMIT_LOC_STRINGS = YES;
				SWIFT_VERSION = 5.0;
				TARGETED_DEVICE_FAMILY = "1,2";
			};
			name = Release;
		};
/* End XCBuildConfiguration section */

/* Begin XCConfigurationList section */
		ED3482EA2865224B00C64B00 /* Build configuration list for PBXProject "FirstAppRX" */ = {
			isa = XCConfigurationList;
			buildConfigurations = (
				ED3483012865224F00C64B00 /* Debug */,
				ED3483022865224F00C64B00 /* Release */,
			);
			defaultConfigurationIsVisible = 0;
			defaultConfigurationName = Release;
		};
		ED3483032865224F00C64B00 /* Build configuration list for PBXNativeTarget "FirstAppRX" */ = {
			isa = XCConfigurationList;
			buildConfigurations = (
				ED3483042865224F00C64B00 /* Debug */,
				ED3483052865224F00C64B00 /* Release */,
			);
			defaultConfigurationIsVisible = 0;
			defaultConfigurationName = Release;
		};
/* End XCConfigurationList section */
	};
	rootObject = ED3482E72865224B00C64B00 /* Project object */;
}
